# This file is automatically @generated by Cargo.
# It is not intended for manual editing.
version = 3

[[package]]
name = "lidash"
version = "0.0.0"
dependencies = [
 "lidb-core",
 "lidb-protocol",
]

[[package]]
name = "lidashd"
version = "0.0.0"
dependencies = [
 "lidb-core",
 "lidb-protocol",
]

[[package]]
name = "lidb-core"
version = "0.0.0"

[[package]]
name = "lidb-protocol"
version = "0.0.0"
